// !$*UTF8*$!
{
	archiveVersion = 1;
	classes = {
	};
	objectVersion = 50;
	objects = {

/* Begin PBXBuildFile section */
		4FA45BB5DB9CDBBB9D16DCAE /* libPods-QFB.a in Frameworks */ = {isa = PBXBuildFile; fileRef = 2DDA0C1F4644B1CE5C842044 /* libPods-QFB.a */; };
		5203755F2117F4B90067316B /* AppDelegate.m in Sources */ = {isa = PBXBuildFile; fileRef = 5203755E2117F4B90067316B /* AppDelegate.m */; };
		520375652117F4B90067316B /* Main.storyboard in Resources */ = {isa = PBXBuildFile; fileRef = 520375632117F4B90067316B /* Main.storyboard */; };
		520375672117F4BA0067316B /* Assets.xcassets in Resources */ = {isa = PBXBuildFile; fileRef = 520375662117F4BA0067316B /* Assets.xcassets */; };
		5203756A2117F4BA0067316B /* LaunchScreen.storyboard in Resources */ = {isa = PBXBuildFile; fileRef = 520375682117F4BA0067316B /* LaunchScreen.storyboard */; };
		5203756D2117F4BA0067316B /* main.m in Sources */ = {isa = PBXBuildFile; fileRef = 5203756C2117F4BA0067316B /* main.m */; };
		520375772117F4BA0067316B /* QFBTests.m in Sources */ = {isa = PBXBuildFile; fileRef = 520375762117F4BA0067316B /* QFBTests.m */; };
		520375822117F4BA0067316B /* QFBUITests.m in Sources */ = {isa = PBXBuildFile; fileRef = 520375812117F4BA0067316B /* QFBUITests.m */; };
		5203759D211823150067316B /* QFBTool.m in Sources */ = {isa = PBXBuildFile; fileRef = 5203759C211823150067316B /* QFBTool.m */; };
		520375A2211823650067316B /* QFBMineViewController.m in Sources */ = {isa = PBXBuildFile; fileRef = 520375A1211823650067316B /* QFBMineViewController.m */; };
		520375A5211823720067316B /* QFBEarningViewController.m in Sources */ = {isa = PBXBuildFile; fileRef = 520375A4211823720067316B /* QFBEarningViewController.m */; };
		520375A82118237C0067316B /* QFBAllianceViewController.m in Sources */ = {isa = PBXBuildFile; fileRef = 520375A72118237C0067316B /* QFBAllianceViewController.m */; };
		520375AB211823880067316B /* QFBHomeViewController.m in Sources */ = {isa = PBXBuildFile; fileRef = 520375AA211823880067316B /* QFBHomeViewController.m */; };
		520375AE211823930067316B /* QFBLoginViewController.m in Sources */ = {isa = PBXBuildFile; fileRef = 520375AD211823930067316B /* QFBLoginViewController.m */; };
		520375B1211824170067316B /* QFBPlaceViewController.m in Sources */ = {isa = PBXBuildFile; fileRef = 520375B0211824170067316B /* QFBPlaceViewController.m */; };
		520375BB21196F790067316B /* NSString+Extension.m in Sources */ = {isa = PBXBuildFile; fileRef = 520375B721196F790067316B /* NSString+Extension.m */; };
		520375BC21196F790067316B /* UIImage+Extension.m in Sources */ = {isa = PBXBuildFile; fileRef = 520375B821196F790067316B /* UIImage+Extension.m */; };
		520375BD21196F790067316B /* UIView+Extension.m in Sources */ = {isa = PBXBuildFile; fileRef = 520375B921196F790067316B /* UIView+Extension.m */; };
		520375BE21196F790067316B /* NSDate+Extension.m in Sources */ = {isa = PBXBuildFile; fileRef = 520375BA21196F790067316B /* NSDate+Extension.m */; };
		520375C42119732B0067316B /* QFBLoginViewModel.m in Sources */ = {isa = PBXBuildFile; fileRef = 520375C32119732B0067316B /* QFBLoginViewModel.m */; };
		520375C72119733C0067316B /* QFBLoginView.m in Sources */ = {isa = PBXBuildFile; fileRef = 520375C62119733C0067316B /* QFBLoginView.m */; };
		52EEF9452119975B00D54153 /* QFBBaseNaviViewController.m in Sources */ = {isa = PBXBuildFile; fileRef = 52EEF9442119975B00D54153 /* QFBBaseNaviViewController.m */; };
		52EEF9482119A2CF00D54153 /* RegularHelperUtil.m in Sources */ = {isa = PBXBuildFile; fileRef = 52EEF9472119A2CF00D54153 /* RegularHelperUtil.m */; };
		52EEF94B2119A38F00D54153 /* QFBNetTool.m in Sources */ = {isa = PBXBuildFile; fileRef = 52EEF94A2119A38F00D54153 /* QFBNetTool.m */; };
		60EFD315705CE891393FD7AF /* libPods-QFBTests.a in Frameworks */ = {isa = PBXBuildFile; fileRef = D69FECB831DB5070567FFBBE /* libPods-QFBTests.a */; };
		7F53309265D68896E6BF0258 /* libPods-QFBUITests.a in Frameworks */ = {isa = PBXBuildFile; fileRef = A5D82A00451EA7523D322ADB /* libPods-QFBUITests.a */; };
/* End PBXBuildFile section */

/* Begin PBXContainerItemProxy section */
		520375732117F4BA0067316B /* PBXContainerItemProxy */ = {
			isa = PBXContainerItemProxy;
			containerPortal = 520375522117F4B90067316B /* Project object */;
			proxyType = 1;
			remoteGlobalIDString = 520375592117F4B90067316B;
			remoteInfo = QFB;
		};
		5203757E2117F4BA0067316B /* PBXContainerItemProxy */ = {
			isa = PBXContainerItemProxy;
			containerPortal = 520375522117F4B90067316B /* Project object */;
			proxyType = 1;
			remoteGlobalIDString = 520375592117F4B90067316B;
			remoteInfo = QFB;
		};
/* End PBXContainerItemProxy section */

/* Begin PBXFileReference section */
		2DDA0C1F4644B1CE5C842044 /* libPods-QFB.a */ = {isa = PBXFileReference; explicitFileType = archive.ar; includeInIndex = 0; path = "libPods-QFB.a"; sourceTree = BUILT_PRODUCTS_DIR; };
		479344092819C9D13E796B75 /* Pods-QFBUITests.release.xcconfig */ = {isa = PBXFileReference; includeInIndex = 1; lastKnownFileType = text.xcconfig; name = "Pods-QFBUITests.release.xcconfig"; path = "Pods/Target Support Files/Pods-QFBUITests/Pods-QFBUITests.release.xcconfig"; sourceTree = "<group>"; };
		5203755A2117F4B90067316B /* QFB.app */ = {isa = PBXFileReference; explicitFileType = wrapper.application; includeInIndex = 0; path = QFB.app; sourceTree = BUILT_PRODUCTS_DIR; };
		5203755D2117F4B90067316B /* AppDelegate.h */ = {isa = PBXFileReference; lastKnownFileType = sourcecode.c.h; path = AppDelegate.h; sourceTree = "<group>"; };
		5203755E2117F4B90067316B /* AppDelegate.m */ = {isa = PBXFileReference; lastKnownFileType = sourcecode.c.objc; path = AppDelegate.m; sourceTree = "<group>"; };
		520375642117F4B90067316B /* Base */ = {isa = PBXFileReference; lastKnownFileType = file.storyboard; name = Base; path = Base.lproj/Main.storyboard; sourceTree = "<group>"; };
		520375662117F4BA0067316B /* Assets.xcassets */ = {isa = PBXFileReference; lastKnownFileType = folder.assetcatalog; path = Assets.xcassets; sourceTree = "<group>"; };
		520375692117F4BA0067316B /* Base */ = {isa = PBXFileReference; lastKnownFileType = file.storyboard; name = Base; path = Base.lproj/LaunchScreen.storyboard; sourceTree = "<group>"; };
		5203756B2117F4BA0067316B /* Info.plist */ = {isa = PBXFileReference; lastKnownFileType = text.plist.xml; path = Info.plist; sourceTree = "<group>"; };
		5203756C2117F4BA0067316B /* main.m */ = {isa = PBXFileReference; lastKnownFileType = sourcecode.c.objc; path = main.m; sourceTree = "<group>"; };
		520375722117F4BA0067316B /* QFBTests.xctest */ = {isa = PBXFileReference; explicitFileType = wrapper.cfbundle; includeInIndex = 0; path = QFBTests.xctest; sourceTree = BUILT_PRODUCTS_DIR; };
		520375762117F4BA0067316B /* QFBTests.m */ = {isa = PBXFileReference; lastKnownFileType = sourcecode.c.objc; path = QFBTests.m; sourceTree = "<group>"; };
		520375782117F4BA0067316B /* Info.plist */ = {isa = PBXFileReference; lastKnownFileType = text.plist.xml; path = Info.plist; sourceTree = "<group>"; };
		5203757D2117F4BA0067316B /* QFBUITests.xctest */ = {isa = PBXFileReference; explicitFileType = wrapper.cfbundle; includeInIndex = 0; path = QFBUITests.xctest; sourceTree = BUILT_PRODUCTS_DIR; };
		520375812117F4BA0067316B /* QFBUITests.m */ = {isa = PBXFileReference; lastKnownFileType = sourcecode.c.objc; path = QFBUITests.m; sourceTree = "<group>"; };
		520375832117F4BA0067316B /* Info.plist */ = {isa = PBXFileReference; lastKnownFileType = text.plist.xml; path = Info.plist; sourceTree = "<group>"; };
		520375992117FC800067316B /* PrefixHeader.pch */ = {isa = PBXFileReference; lastKnownFileType = sourcecode.c.h; path = PrefixHeader.pch; sourceTree = "<group>"; };
		5203759B211823150067316B /* QFBTool.h */ = {isa = PBXFileReference; lastKnownFileType = sourcecode.c.h; path = QFBTool.h; sourceTree = "<group>"; };
		5203759C211823150067316B /* QFBTool.m */ = {isa = PBXFileReference; lastKnownFileType = sourcecode.c.objc; path = QFBTool.m; sourceTree = "<group>"; };
		5203759E2118232F0067316B /* QFBConfig.h */ = {isa = PBXFileReference; lastKnownFileType = sourcecode.c.h; path = QFBConfig.h; sourceTree = "<group>"; };
		5203759F2118234D0067316B /* UnitilMacro.h */ = {isa = PBXFileReference; lastKnownFileType = sourcecode.c.h; path = UnitilMacro.h; sourceTree = "<group>"; };
		520375A0211823650067316B /* QFBMineViewController.h */ = {isa = PBXFileReference; lastKnownFileType = sourcecode.c.h; path = QFBMineViewController.h; sourceTree = "<group>"; };
		520375A1211823650067316B /* QFBMineViewController.m */ = {isa = PBXFileReference; lastKnownFileType = sourcecode.c.objc; path = QFBMineViewController.m; sourceTree = "<group>"; };
		520375A3211823720067316B /* QFBEarningViewController.h */ = {isa = PBXFileReference; lastKnownFileType = sourcecode.c.h; path = QFBEarningViewController.h; sourceTree = "<group>"; };
		520375A4211823720067316B /* QFBEarningViewController.m */ = {isa = PBXFileReference; lastKnownFileType = sourcecode.c.objc; path = QFBEarningViewController.m; sourceTree = "<group>"; };
		520375A62118237C0067316B /* QFBAllianceViewController.h */ = {isa = PBXFileReference; lastKnownFileType = sourcecode.c.h; path = QFBAllianceViewController.h; sourceTree = "<group>"; };
		520375A72118237C0067316B /* QFBAllianceViewController.m */ = {isa = PBXFileReference; lastKnownFileType = sourcecode.c.objc; path = QFBAllianceViewController.m; sourceTree = "<group>"; };
		520375A9211823880067316B /* QFBHomeViewController.h */ = {isa = PBXFileReference; lastKnownFileType = sourcecode.c.h; path = QFBHomeViewController.h; sourceTree = "<group>"; };
		520375AA211823880067316B /* QFBHomeViewController.m */ = {isa = PBXFileReference; lastKnownFileType = sourcecode.c.objc; path = QFBHomeViewController.m; sourceTree = "<group>"; };
		520375AC211823930067316B /* QFBLoginViewController.h */ = {isa = PBXFileReference; lastKnownFileType = sourcecode.c.h; path = QFBLoginViewController.h; sourceTree = "<group>"; };
		520375AD211823930067316B /* QFBLoginViewController.m */ = {isa = PBXFileReference; lastKnownFileType = sourcecode.c.objc; path = QFBLoginViewController.m; sourceTree = "<group>"; };
		520375AF211824170067316B /* QFBPlaceViewController.h */ = {isa = PBXFileReference; lastKnownFileType = sourcecode.c.h; path = QFBPlaceViewController.h; sourceTree = "<group>"; };
		520375B0211824170067316B /* QFBPlaceViewController.m */ = {isa = PBXFileReference; lastKnownFileType = sourcecode.c.objc; path = QFBPlaceViewController.m; sourceTree = "<group>"; };
		520375B321196F780067316B /* NSString+Extension.h */ = {isa = PBXFileReference; fileEncoding = 4; lastKnownFileType = sourcecode.c.h; path = "NSString+Extension.h"; sourceTree = "<group>"; };
		520375B421196F780067316B /* NSDate+Extension.h */ = {isa = PBXFileReference; fileEncoding = 4; lastKnownFileType = sourcecode.c.h; path = "NSDate+Extension.h"; sourceTree = "<group>"; };
		520375B521196F790067316B /* UIImage+Extension.h */ = {isa = PBXFileReference; fileEncoding = 4; lastKnownFileType = sourcecode.c.h; path = "UIImage+Extension.h"; sourceTree = "<group>"; };
		520375B621196F790067316B /* UIView+Extension.h */ = {isa = PBXFileReference; fileEncoding = 4; lastKnownFileType = sourcecode.c.h; path = "UIView+Extension.h"; sourceTree = "<group>"; };
		520375B721196F790067316B /* NSString+Extension.m */ = {isa = PBXFileReference; fileEncoding = 4; lastKnownFileType = sourcecode.c.objc; path = "NSString+Extension.m"; sourceTree = "<group>"; };
		520375B821196F790067316B /* UIImage+Extension.m */ = {isa = PBXFileReference; fileEncoding = 4; lastKnownFileType = sourcecode.c.objc; path = "UIImage+Extension.m"; sourceTree = "<group>"; };
		520375B921196F790067316B /* UIView+Extension.m */ = {isa = PBXFileReference; fileEncoding = 4; lastKnownFileType = sourcecode.c.objc; path = "UIView+Extension.m"; sourceTree = "<group>"; };
		520375BA21196F790067316B /* NSDate+Extension.m */ = {isa = PBXFileReference; fileEncoding = 4; lastKnownFileType = sourcecode.c.objc; path = "NSDate+Extension.m"; sourceTree = "<group>"; };
		520375C22119732B0067316B /* QFBLoginViewModel.h */ = {isa = PBXFileReference; lastKnownFileType = sourcecode.c.h; path = QFBLoginViewModel.h; sourceTree = "<group>"; };
		520375C32119732B0067316B /* QFBLoginViewModel.m */ = {isa = PBXFileReference; lastKnownFileType = sourcecode.c.objc; path = QFBLoginViewModel.m; sourceTree = "<group>"; };
		520375C52119733C0067316B /* QFBLoginView.h */ = {isa = PBXFileReference; lastKnownFileType = sourcecode.c.h; path = QFBLoginView.h; sourceTree = "<group>"; };
		520375C62119733C0067316B /* QFBLoginView.m */ = {isa = PBXFileReference; lastKnownFileType = sourcecode.c.objc; path = QFBLoginView.m; sourceTree = "<group>"; };
		52EEF94121198B8400D54153 /* KeyMacro.h */ = {isa = PBXFileReference; lastKnownFileType = sourcecode.c.h; path = KeyMacro.h; sourceTree = "<group>"; };
		52EEF9432119975B00D54153 /* QFBBaseNaviViewController.h */ = {isa = PBXFileReference; lastKnownFileType = sourcecode.c.h; path = QFBBaseNaviViewController.h; sourceTree = "<group>"; };
		52EEF9442119975B00D54153 /* QFBBaseNaviViewController.m */ = {isa = PBXFileReference; lastKnownFileType = sourcecode.c.objc; path = QFBBaseNaviViewController.m; sourceTree = "<group>"; };
		52EEF9462119A2CF00D54153 /* RegularHelperUtil.h */ = {isa = PBXFileReference; fileEncoding = 4; lastKnownFileType = sourcecode.c.h; path = RegularHelperUtil.h; sourceTree = "<group>"; };
		52EEF9472119A2CF00D54153 /* RegularHelperUtil.m */ = {isa = PBXFileReference; fileEncoding = 4; lastKnownFileType = sourcecode.c.objc; path = RegularHelperUtil.m; sourceTree = "<group>"; };
		52EEF9492119A38F00D54153 /* QFBNetTool.h */ = {isa = PBXFileReference; lastKnownFileType = sourcecode.c.h; path = QFBNetTool.h; sourceTree = "<group>"; };
		52EEF94A2119A38F00D54153 /* QFBNetTool.m */ = {isa = PBXFileReference; lastKnownFileType = sourcecode.c.objc; path = QFBNetTool.m; sourceTree = "<group>"; };
		9E4F3EBD3AE3906A1A672987 /* Pods-QFB.debug.xcconfig */ = {isa = PBXFileReference; includeInIndex = 1; lastKnownFileType = text.xcconfig; name = "Pods-QFB.debug.xcconfig"; path = "Pods/Target Support Files/Pods-QFB/Pods-QFB.debug.xcconfig"; sourceTree = "<group>"; };
		A5D82A00451EA7523D322ADB /* libPods-QFBUITests.a */ = {isa = PBXFileReference; explicitFileType = archive.ar; includeInIndex = 0; path = "libPods-QFBUITests.a"; sourceTree = BUILT_PRODUCTS_DIR; };
		A6DFA66281F293E486ECE2A3 /* Pods-QFBTests.release.xcconfig */ = {isa = PBXFileReference; includeInIndex = 1; lastKnownFileType = text.xcconfig; name = "Pods-QFBTests.release.xcconfig"; path = "Pods/Target Support Files/Pods-QFBTests/Pods-QFBTests.release.xcconfig"; sourceTree = "<group>"; };
		D4FFC2CF55666F69A2D65688 /* Pods-QFBTests.debug.xcconfig */ = {isa = PBXFileReference; includeInIndex = 1; lastKnownFileType = text.xcconfig; name = "Pods-QFBTests.debug.xcconfig"; path = "Pods/Target Support Files/Pods-QFBTests/Pods-QFBTests.debug.xcconfig"; sourceTree = "<group>"; };
		D6199FE8E310523824638DF6 /* Pods-QFB.release.xcconfig */ = {isa = PBXFileReference; includeInIndex = 1; lastKnownFileType = text.xcconfig; name = "Pods-QFB.release.xcconfig"; path = "Pods/Target Support Files/Pods-QFB/Pods-QFB.release.xcconfig"; sourceTree = "<group>"; };
		D69FECB831DB5070567FFBBE /* libPods-QFBTests.a */ = {isa = PBXFileReference; explicitFileType = archive.ar; includeInIndex = 0; path = "libPods-QFBTests.a"; sourceTree = BUILT_PRODUCTS_DIR; };
		EA4AB9F8D7B730B2C06E662F /* Pods-QFBUITests.debug.xcconfig */ = {isa = PBXFileReference; includeInIndex = 1; lastKnownFileType = text.xcconfig; name = "Pods-QFBUITests.debug.xcconfig"; path = "Pods/Target Support Files/Pods-QFBUITests/Pods-QFBUITests.debug.xcconfig"; sourceTree = "<group>"; };
/* End PBXFileReference section */

/* Begin PBXFrameworksBuildPhase section */
		520375572117F4B90067316B /* Frameworks */ = {
			isa = PBXFrameworksBuildPhase;
			buildActionMask = 2147483647;
			files = (
				4FA45BB5DB9CDBBB9D16DCAE /* libPods-QFB.a in Frameworks */,
			);
			runOnlyForDeploymentPostprocessing = 0;
		};
		5203756F2117F4BA0067316B /* Frameworks */ = {
			isa = PBXFrameworksBuildPhase;
			buildActionMask = 2147483647;
			files = (
				60EFD315705CE891393FD7AF /* libPods-QFBTests.a in Frameworks */,
			);
			runOnlyForDeploymentPostprocessing = 0;
		};
		5203757A2117F4BA0067316B /* Frameworks */ = {
			isa = PBXFrameworksBuildPhase;
			buildActionMask = 2147483647;
			files = (
				7F53309265D68896E6BF0258 /* libPods-QFBUITests.a in Frameworks */,
			);
			runOnlyForDeploymentPostprocessing = 0;
		};
/* End PBXFrameworksBuildPhase section */

/* Begin PBXGroup section */
		46774BB17D9726CEDFAC14CC /* Frameworks */ = {
			isa = PBXGroup;
			children = (
				2DDA0C1F4644B1CE5C842044 /* libPods-QFB.a */,
				D69FECB831DB5070567FFBBE /* libPods-QFBTests.a */,
				A5D82A00451EA7523D322ADB /* libPods-QFBUITests.a */,
			);
			name = Frameworks;
			sourceTree = "<group>";
		};
		520375512117F4B90067316B = {
			isa = PBXGroup;
			children = (
				520375932117FB1F0067316B /* NoSpam */,
				5203755C2117F4B90067316B /* QFB */,
				520375752117F4BA0067316B /* QFBTests */,
				520375802117F4BA0067316B /* QFBUITests */,
				5203755B2117F4B90067316B /* Products */,
				8A674D1B308146ED839EF7E0 /* Pods */,
				46774BB17D9726CEDFAC14CC /* Frameworks */,
			);
			sourceTree = "<group>";
		};
		5203755B2117F4B90067316B /* Products */ = {
			isa = PBXGroup;
			children = (
				5203755A2117F4B90067316B /* QFB.app */,
				520375722117F4BA0067316B /* QFBTests.xctest */,
				5203757D2117F4BA0067316B /* QFBUITests.xctest */,
			);
			name = Products;
			sourceTree = "<group>";
		};
		5203755C2117F4B90067316B /* QFB */ = {
			isa = PBXGroup;
			children = (
				52EEF9422119972700D54153 /* Base */,
				520375922117FA790067316B /* Tools */,
				5203758F2117F6530067316B /* Sections */,
				520375632117F4B90067316B /* Main.storyboard */,
				520375662117F4BA0067316B /* Assets.xcassets */,
				520375682117F4BA0067316B /* LaunchScreen.storyboard */,
				5203756B2117F4BA0067316B /* Info.plist */,
				5203756C2117F4BA0067316B /* main.m */,
			);
			path = QFB;
			sourceTree = "<group>";
		};
		520375752117F4BA0067316B /* QFBTests */ = {
			isa = PBXGroup;
			children = (
				520375762117F4BA0067316B /* QFBTests.m */,
				520375782117F4BA0067316B /* Info.plist */,
			);
			path = QFBTests;
			sourceTree = "<group>";
		};
		520375802117F4BA0067316B /* QFBUITests */ = {
			isa = PBXGroup;
			children = (
				520375812117F4BA0067316B /* QFBUITests.m */,
				520375832117F4BA0067316B /* Info.plist */,
			);
			path = QFBUITests;
			sourceTree = "<group>";
		};
		5203758F2117F6530067316B /* Sections */ = {
			isa = PBXGroup;
			children = (
				520375942117FBD50067316B /* Login */,
				520375982117FC450067316B /* Mine */,
				520375972117FC380067316B /* Earning */,
				520375962117FBE00067316B /* Alliance */,
				520375952117FBDA0067316B /* Home */,
			);
			path = Sections;
			sourceTree = "<group>";
		};
		520375902117FA6B0067316B /* Venders */ = {
			isa = PBXGroup;
			children = (
				520375AF211824170067316B /* QFBPlaceViewController.h */,
				520375B0211824170067316B /* QFBPlaceViewController.m */,
			);
			path = Venders;
			sourceTree = "<group>";
		};
		520375912117FA720067316B /* Macros */ = {
			isa = PBXGroup;
			children = (
				5203759F2118234D0067316B /* UnitilMacro.h */,
				52EEF94121198B8400D54153 /* KeyMacro.h */,
			);
			path = Macros;
			sourceTree = "<group>";
		};
		520375922117FA790067316B /* Tools */ = {
			isa = PBXGroup;
			children = (
				52EEF9462119A2CF00D54153 /* RegularHelperUtil.h */,
				52EEF9472119A2CF00D54153 /* RegularHelperUtil.m */,
				5203759B211823150067316B /* QFBTool.h */,
				5203759C211823150067316B /* QFBTool.m */,
				52EEF9492119A38F00D54153 /* QFBNetTool.h */,
				52EEF94A2119A38F00D54153 /* QFBNetTool.m */,
			);
			path = Tools;
			sourceTree = "<group>";
		};
		520375932117FB1F0067316B /* NoSpam */ = {
			isa = PBXGroup;
			children = (
				5203755D2117F4B90067316B /* AppDelegate.h */,
				5203755E2117F4B90067316B /* AppDelegate.m */,
				520375B221196F690067316B /* Category */,
				5203759A2117FD5B0067316B /* Config */,
				520375902117FA6B0067316B /* Venders */,
				520375912117FA720067316B /* Macros */,
			);
			path = NoSpam;
			sourceTree = "<group>";
		};
		520375942117FBD50067316B /* Login */ = {
			isa = PBXGroup;
			children = (
				520375C1211973070067316B /* Controller */,
				520375C0211972FE0067316B /* ViewModel */,
				520375BF211972F80067316B /* View */,
			);
			path = Login;
			sourceTree = "<group>";
		};
		520375952117FBDA0067316B /* Home */ = {
			isa = PBXGroup;
			children = (
				520375A9211823880067316B /* QFBHomeViewController.h */,
				520375AA211823880067316B /* QFBHomeViewController.m */,
			);
			path = Home;
			sourceTree = "<group>";
		};
		520375962117FBE00067316B /* Alliance */ = {
			isa = PBXGroup;
			children = (
				520375A62118237C0067316B /* QFBAllianceViewController.h */,
				520375A72118237C0067316B /* QFBAllianceViewController.m */,
			);
			path = Alliance;
			sourceTree = "<group>";
		};
		520375972117FC380067316B /* Earning */ = {
			isa = PBXGroup;
			children = (
				520375A3211823720067316B /* QFBEarningViewController.h */,
				520375A4211823720067316B /* QFBEarningViewController.m */,
			);
			path = Earning;
			sourceTree = "<group>";
		};
		520375982117FC450067316B /* Mine */ = {
			isa = PBXGroup;
			children = (
				520375A0211823650067316B /* QFBMineViewController.h */,
				520375A1211823650067316B /* QFBMineViewController.m */,
			);
			path = Mine;
			sourceTree = "<group>";
		};
		5203759A2117FD5B0067316B /* Config */ = {
			isa = PBXGroup;
			children = (
				5203759E2118232F0067316B /* QFBConfig.h */,
				520375992117FC800067316B /* PrefixHeader.pch */,
			);
			path = Config;
			sourceTree = "<group>";
		};
		520375B221196F690067316B /* Category */ = {
			isa = PBXGroup;
			children = (
				520375B421196F780067316B /* NSDate+Extension.h */,
				520375BA21196F790067316B /* NSDate+Extension.m */,
				520375B321196F780067316B /* NSString+Extension.h */,
				520375B721196F790067316B /* NSString+Extension.m */,
				520375B521196F790067316B /* UIImage+Extension.h */,
				520375B821196F790067316B /* UIImage+Extension.m */,
				520375B621196F790067316B /* UIView+Extension.h */,
				520375B921196F790067316B /* UIView+Extension.m */,
			);
			path = Category;
			sourceTree = "<group>";
		};
		520375BF211972F80067316B /* View */ = {
			isa = PBXGroup;
			children = (
				520375C52119733C0067316B /* QFBLoginView.h */,
				520375C62119733C0067316B /* QFBLoginView.m */,
			);
			path = View;
			sourceTree = "<group>";
		};
		520375C0211972FE0067316B /* ViewModel */ = {
			isa = PBXGroup;
			children = (
				520375C22119732B0067316B /* QFBLoginViewModel.h */,
				520375C32119732B0067316B /* QFBLoginViewModel.m */,
			);
			path = ViewModel;
			sourceTree = "<group>";
		};
		520375C1211973070067316B /* Controller */ = {
			isa = PBXGroup;
			children = (
				520375AC211823930067316B /* QFBLoginViewController.h */,
				520375AD211823930067316B /* QFBLoginViewController.m */,
			);
			path = Controller;
			sourceTree = "<group>";
		};
		52EEF9422119972700D54153 /* Base */ = {
			isa = PBXGroup;
			children = (
				52EEF9432119975B00D54153 /* QFBBaseNaviViewController.h */,
				52EEF9442119975B00D54153 /* QFBBaseNaviViewController.m */,
			);
			path = Base;
			sourceTree = "<group>";
		};
		8A674D1B308146ED839EF7E0 /* Pods */ = {
			isa = PBXGroup;
			children = (
				9E4F3EBD3AE3906A1A672987 /* Pods-QFB.debug.xcconfig */,
				D6199FE8E310523824638DF6 /* Pods-QFB.release.xcconfig */,
				D4FFC2CF55666F69A2D65688 /* Pods-QFBTests.debug.xcconfig */,
				A6DFA66281F293E486ECE2A3 /* Pods-QFBTests.release.xcconfig */,
				EA4AB9F8D7B730B2C06E662F /* Pods-QFBUITests.debug.xcconfig */,
				479344092819C9D13E796B75 /* Pods-QFBUITests.release.xcconfig */,
			);
			name = Pods;
			sourceTree = "<group>";
		};
/* End PBXGroup section */

/* Begin PBXNativeTarget section */
		520375592117F4B90067316B /* QFB */ = {
			isa = PBXNativeTarget;
			buildConfigurationList = 520375862117F4BA0067316B /* Build configuration list for PBXNativeTarget "QFB" */;
			buildPhases = (
				9A3CF4E4990D9E0BE24C70DC /* [CP] Check Pods Manifest.lock */,
				520375562117F4B90067316B /* Sources */,
				520375572117F4B90067316B /* Frameworks */,
				520375582117F4B90067316B /* Resources */,
				DD6F7966EC0F609E3DFB0811 /* [CP] Copy Pods Resources */,
			);
			buildRules = (
			);
			dependencies = (
			);
			name = QFB;
			productName = QFB;
			productReference = 5203755A2117F4B90067316B /* QFB.app */;
			productType = "com.apple.product-type.application";
		};
		520375712117F4BA0067316B /* QFBTests */ = {
			isa = PBXNativeTarget;
			buildConfigurationList = 520375892117F4BA0067316B /* Build configuration list for PBXNativeTarget "QFBTests" */;
			buildPhases = (
				D3279D1AB1629194252C70F0 /* [CP] Check Pods Manifest.lock */,
				5203756E2117F4BA0067316B /* Sources */,
				5203756F2117F4BA0067316B /* Frameworks */,
				520375702117F4BA0067316B /* Resources */,
			);
			buildRules = (
			);
			dependencies = (
				520375742117F4BA0067316B /* PBXTargetDependency */,
			);
			name = QFBTests;
			productName = QFBTests;
			productReference = 520375722117F4BA0067316B /* QFBTests.xctest */;
			productType = "com.apple.product-type.bundle.unit-test";
		};
		5203757C2117F4BA0067316B /* QFBUITests */ = {
			isa = PBXNativeTarget;
			buildConfigurationList = 5203758C2117F4BA0067316B /* Build configuration list for PBXNativeTarget "QFBUITests" */;
			buildPhases = (
				EDC414DF744336B396AF4D36 /* [CP] Check Pods Manifest.lock */,
				520375792117F4BA0067316B /* Sources */,
				5203757A2117F4BA0067316B /* Frameworks */,
				5203757B2117F4BA0067316B /* Resources */,
			);
			buildRules = (
			);
			dependencies = (
				5203757F2117F4BA0067316B /* PBXTargetDependency */,
			);
			name = QFBUITests;
			productName = QFBUITests;
			productReference = 5203757D2117F4BA0067316B /* QFBUITests.xctest */;
			productType = "com.apple.product-type.bundle.ui-testing";
		};
/* End PBXNativeTarget section */

/* Begin PBXProject section */
		520375522117F4B90067316B /* Project object */ = {
			isa = PBXProject;
			attributes = {
				CLASSPREFIX = QFB;
				LastUpgradeCheck = 0940;
				ORGANIZATIONNAME = qqq;
				TargetAttributes = {
					520375592117F4B90067316B = {
						CreatedOnToolsVersion = 9.4.1;
					};
					520375712117F4BA0067316B = {
						CreatedOnToolsVersion = 9.4.1;
						TestTargetID = 520375592117F4B90067316B;
					};
					5203757C2117F4BA0067316B = {
						CreatedOnToolsVersion = 9.4.1;
						TestTargetID = 520375592117F4B90067316B;
					};
				};
			};
			buildConfigurationList = 520375552117F4B90067316B /* Build configuration list for PBXProject "QFB" */;
			compatibilityVersion = "Xcode 9.3";
			developmentRegion = en;
			hasScannedForEncodings = 0;
			knownRegions = (
				en,
				Base,
			);
			mainGroup = 520375512117F4B90067316B;
			productRefGroup = 5203755B2117F4B90067316B /* Products */;
			projectDirPath = "";
			projectRoot = "";
			targets = (
				520375592117F4B90067316B /* QFB */,
				520375712117F4BA0067316B /* QFBTests */,
				5203757C2117F4BA0067316B /* QFBUITests */,
			);
		};
/* End PBXProject section */

/* Begin PBXResourcesBuildPhase section */
		520375582117F4B90067316B /* Resources */ = {
			isa = PBXResourcesBuildPhase;
			buildActionMask = 2147483647;
			files = (
				5203756A2117F4BA0067316B /* LaunchScreen.storyboard in Resources */,
				520375672117F4BA0067316B /* Assets.xcassets in Resources */,
				520375652117F4B90067316B /* Main.storyboard in Resources */,
			);
			runOnlyForDeploymentPostprocessing = 0;
		};
		520375702117F4BA0067316B /* Resources */ = {
			isa = PBXResourcesBuildPhase;
			buildActionMask = 2147483647;
			files = (
			);
			runOnlyForDeploymentPostprocessing = 0;
		};
		5203757B2117F4BA0067316B /* Resources */ = {
			isa = PBXResourcesBuildPhase;
			buildActionMask = 2147483647;
			files = (
			);
			runOnlyForDeploymentPostprocessing = 0;
		};
/* End PBXResourcesBuildPhase section */

/* Begin PBXShellScriptBuildPhase section */
		9A3CF4E4990D9E0BE24C70DC /* [CP] Check Pods Manifest.lock */ = {
			isa = PBXShellScriptBuildPhase;
			buildActionMask = 2147483647;
			files = (
			);
			inputPaths = (
				"${PODS_PODFILE_DIR_PATH}/Podfile.lock",
				"${PODS_ROOT}/Manifest.lock",
			);
			name = "[CP] Check Pods Manifest.lock";
			outputPaths = (
				"$(DERIVED_FILE_DIR)/Pods-QFB-checkManifestLockResult.txt",
			);
			runOnlyForDeploymentPostprocessing = 0;
			shellPath = /bin/sh;
			shellScript = "diff \"${PODS_PODFILE_DIR_PATH}/Podfile.lock\" \"${PODS_ROOT}/Manifest.lock\" > /dev/null\nif [ $? != 0 ] ; then\n    # print error to STDERR\n    echo \"error: The sandbox is not in sync with the Podfile.lock. Run 'pod install' or update your CocoaPods installation.\" >&2\n    exit 1\nfi\n# This output is used by Xcode 'outputs' to avoid re-running this script phase.\necho \"SUCCESS\" > \"${SCRIPT_OUTPUT_FILE_0}\"\n";
			showEnvVarsInLog = 0;
		};
		D3279D1AB1629194252C70F0 /* [CP] Check Pods Manifest.lock */ = {
			isa = PBXShellScriptBuildPhase;
			buildActionMask = 2147483647;
			files = (
			);
			inputPaths = (
				"${PODS_PODFILE_DIR_PATH}/Podfile.lock",
				"${PODS_ROOT}/Manifest.lock",
			);
			name = "[CP] Check Pods Manifest.lock";
			outputPaths = (
				"$(DERIVED_FILE_DIR)/Pods-QFBTests-checkManifestLockResult.txt",
			);
			runOnlyForDeploymentPostprocessing = 0;
			shellPath = /bin/sh;
			shellScript = "diff \"${PODS_PODFILE_DIR_PATH}/Podfile.lock\" \"${PODS_ROOT}/Manifest.lock\" > /dev/null\nif [ $? != 0 ] ; then\n    # print error to STDERR\n    echo \"error: The sandbox is not in sync with the Podfile.lock. Run 'pod install' or update your CocoaPods installation.\" >&2\n    exit 1\nfi\n# This output is used by Xcode 'outputs' to avoid re-running this script phase.\necho \"SUCCESS\" > \"${SCRIPT_OUTPUT_FILE_0}\"\n";
			showEnvVarsInLog = 0;
		};
		DD6F7966EC0F609E3DFB0811 /* [CP] Copy Pods Resources */ = {
			isa = PBXShellScriptBuildPhase;
			buildActionMask = 2147483647;
			files = (
			);
			inputPaths = (
				"${SRCROOT}/Pods/Target Support Files/Pods-QFB/Pods-QFB-resources.sh",
				"${PODS_CONFIGURATION_BUILD_DIR}/DXPopover/DXPopover.bundle",
				"${PODS_ROOT}/IQKeyboardManager/IQKeyboardManager/Resources/IQKeyboardManager.bundle",
				"${PODS_ROOT}/LBXScan/LBXScan/UI/CodeScan.bundle",
				"${PODS_ROOT}/MJRefresh/MJRefresh/MJRefresh.bundle",
				"${PODS_ROOT}/SVProgressHUD/SVProgressHUD/SVProgressHUD.bundle",
			);
			name = "[CP] Copy Pods Resources";
			outputPaths = (
				"${TARGET_BUILD_DIR}/${UNLOCALIZED_RESOURCES_FOLDER_PATH}/DXPopover.bundle",
				"${TARGET_BUILD_DIR}/${UNLOCALIZED_RESOURCES_FOLDER_PATH}/IQKeyboardManager.bundle",
				"${TARGET_BUILD_DIR}/${UNLOCALIZED_RESOURCES_FOLDER_PATH}/CodeScan.bundle",
				"${TARGET_BUILD_DIR}/${UNLOCALIZED_RESOURCES_FOLDER_PATH}/MJRefresh.bundle",
				"${TARGET_BUILD_DIR}/${UNLOCALIZED_RESOURCES_FOLDER_PATH}/SVProgressHUD.bundle",
			);
			runOnlyForDeploymentPostprocessing = 0;
			shellPath = /bin/sh;
			shellScript = "\"${SRCROOT}/Pods/Target Support Files/Pods-QFB/Pods-QFB-resources.sh\"\n";
			showEnvVarsInLog = 0;
		};
		EDC414DF744336B396AF4D36 /* [CP] Check Pods Manifest.lock */ = {
			isa = PBXShellScriptBuildPhase;
			buildActionMask = 2147483647;
			files = (
			);
			inputPaths = (
				"${PODS_PODFILE_DIR_PATH}/Podfile.lock",
				"${PODS_ROOT}/Manifest.lock",
			);
			name = "[CP] Check Pods Manifest.lock";
			outputPaths = (
				"$(DERIVED_FILE_DIR)/Pods-QFBUITests-checkManifestLockResult.txt",
			);
			runOnlyForDeploymentPostprocessing = 0;
			shellPath = /bin/sh;
			shellScript = "diff \"${PODS_PODFILE_DIR_PATH}/Podfile.lock\" \"${PODS_ROOT}/Manifest.lock\" > /dev/null\nif [ $? != 0 ] ; then\n    # print error to STDERR\n    echo \"error: The sandbox is not in sync with the Podfile.lock. Run 'pod install' or update your CocoaPods installation.\" >&2\n    exit 1\nfi\n# This output is used by Xcode 'outputs' to avoid re-running this script phase.\necho \"SUCCESS\" > \"${SCRIPT_OUTPUT_FILE_0}\"\n";
			showEnvVarsInLog = 0;
		};
/* End PBXShellScriptBuildPhase section */

/* Begin PBXSourcesBuildPhase section */
		520375562117F4B90067316B /* Sources */ = {
			isa = PBXSourcesBuildPhase;
			buildActionMask = 2147483647;
			files = (
				5203756D2117F4BA0067316B /* main.m in Sources */,
				5203755F2117F4B90067316B /* AppDelegate.m in Sources */,
				520375AB211823880067316B /* QFBHomeViewController.m in Sources */,
				520375A5211823720067316B /* QFBEarningViewController.m in Sources */,
				520375B1211824170067316B /* QFBPlaceViewController.m in Sources */,
				52EEF94B2119A38F00D54153 /* QFBNetTool.m in Sources */,
				520375C72119733C0067316B /* QFBLoginView.m in Sources */,
				520375BB21196F790067316B /* NSString+Extension.m in Sources */,
				52EEF9482119A2CF00D54153 /* RegularHelperUtil.m in Sources */,
				52EEF9452119975B00D54153 /* QFBBaseNaviViewController.m in Sources */,
				520375BD21196F790067316B /* UIView+Extension.m in Sources */,
				520375AE211823930067316B /* QFBLoginViewController.m in Sources */,
				5203759D211823150067316B /* QFBTool.m in Sources */,
				520375A2211823650067316B /* QFBMineViewController.m in Sources */,
				520375BC21196F790067316B /* UIImage+Extension.m in Sources */,
				520375BE21196F790067316B /* NSDate+Extension.m in Sources */,
				520375C42119732B0067316B /* QFBLoginViewModel.m in Sources */,
				520375A82118237C0067316B /* QFBAllianceViewController.m in Sources */,
			);
			runOnlyForDeploymentPostprocessing = 0;
		};
		5203756E2117F4BA0067316B /* Sources */ = {
			isa = PBXSourcesBuildPhase;
			buildActionMask = 2147483647;
			files = (
				520375772117F4BA0067316B /* QFBTests.m in Sources */,
			);
			runOnlyForDeploymentPostprocessing = 0;
		};
		520375792117F4BA0067316B /* Sources */ = {
			isa = PBXSourcesBuildPhase;
			buildActionMask = 2147483647;
			files = (
				520375822117F4BA0067316B /* QFBUITests.m in Sources */,
			);
			runOnlyForDeploymentPostprocessing = 0;
		};
/* End PBXSourcesBuildPhase section */

/* Begin PBXTargetDependency section */
		520375742117F4BA0067316B /* PBXTargetDependency */ = {
			isa = PBXTargetDependency;
			target = 520375592117F4B90067316B /* QFB */;
			targetProxy = 520375732117F4BA0067316B /* PBXContainerItemProxy */;
		};
		5203757F2117F4BA0067316B /* PBXTargetDependency */ = {
			isa = PBXTargetDependency;
			target = 520375592117F4B90067316B /* QFB */;
			targetProxy = 5203757E2117F4BA0067316B /* PBXContainerItemProxy */;
		};
/* End PBXTargetDependency section */

/* Begin PBXVariantGroup section */
		520375632117F4B90067316B /* Main.storyboard */ = {
			isa = PBXVariantGroup;
			children = (
				520375642117F4B90067316B /* Base */,
			);
			name = Main.storyboard;
			sourceTree = "<group>";
		};
		520375682117F4BA0067316B /* LaunchScreen.storyboard */ = {
			isa = PBXVariantGroup;
			children = (
				520375692117F4BA0067316B /* Base */,
			);
			name = LaunchScreen.storyboard;
			sourceTree = "<group>";
		};
/* End PBXVariantGroup section */

/* Begin XCBuildConfiguration section */
		520375842117F4BA0067316B /* Debug */ = {
			isa = XCBuildConfiguration;
			buildSettings = {
				ALWAYS_SEARCH_USER_PATHS = NO;
				CLANG_ANALYZER_NONNULL = YES;
				CLANG_ANALYZER_NUMBER_OBJECT_CONVERSION = YES_AGGRESSIVE;
				CLANG_CXX_LANGUAGE_STANDARD = "gnu++14";
				CLANG_CXX_LIBRARY = "libc++";
				CLANG_ENABLE_MODULES = YES;
				CLANG_ENABLE_OBJC_ARC = YES;
				CLANG_ENABLE_OBJC_WEAK = YES;
				CLANG_WARN_BLOCK_CAPTURE_AUTORELEASING = YES;
				CLANG_WARN_BOOL_CONVERSION = YES;
				CLANG_WARN_COMMA = YES;
				CLANG_WARN_CONSTANT_CONVERSION = YES;
				CLANG_WARN_DEPRECATED_OBJC_IMPLEMENTATIONS = YES;
				CLANG_WARN_DIRECT_OBJC_ISA_USAGE = YES_ERROR;
				CLANG_WARN_DOCUMENTATION_COMMENTS = YES;
				CLANG_WARN_EMPTY_BODY = YES;
				CLANG_WARN_ENUM_CONVERSION = YES;
				CLANG_WARN_INFINITE_RECURSION = YES;
				CLANG_WARN_INT_CONVERSION = YES;
				CLANG_WARN_NON_LITERAL_NULL_CONVERSION = YES;
				CLANG_WARN_OBJC_IMPLICIT_RETAIN_SELF = YES;
				CLANG_WARN_OBJC_LITERAL_CONVERSION = YES;
				CLANG_WARN_OBJC_ROOT_CLASS = YES_ERROR;
				CLANG_WARN_RANGE_LOOP_ANALYSIS = YES;
				CLANG_WARN_STRICT_PROTOTYPES = YES;
				CLANG_WARN_SUSPICIOUS_MOVE = YES;
				CLANG_WARN_UNGUARDED_AVAILABILITY = YES_AGGRESSIVE;
				CLANG_WARN_UNREACHABLE_CODE = YES;
				CLANG_WARN__DUPLICATE_METHOD_MATCH = YES;
				CODE_SIGN_IDENTITY = "iPhone Developer";
				COPY_PHASE_STRIP = NO;
				DEBUG_INFORMATION_FORMAT = dwarf;
				ENABLE_STRICT_OBJC_MSGSEND = YES;
				ENABLE_TESTABILITY = YES;
				GCC_C_LANGUAGE_STANDARD = gnu11;
				GCC_DYNAMIC_NO_PIC = NO;
				GCC_NO_COMMON_BLOCKS = YES;
				GCC_OPTIMIZATION_LEVEL = 0;
				GCC_PREPROCESSOR_DEFINITIONS = (
					"DEBUG=1",
					"$(inherited)",
				);
				GCC_WARN_64_TO_32_BIT_CONVERSION = YES;
				GCC_WARN_ABOUT_RETURN_TYPE = YES_ERROR;
				GCC_WARN_UNDECLARED_SELECTOR = YES;
				GCC_WARN_UNINITIALIZED_AUTOS = YES_AGGRESSIVE;
				GCC_WARN_UNUSED_FUNCTION = YES;
				GCC_WARN_UNUSED_VARIABLE = YES;
				IPHONEOS_DEPLOYMENT_TARGET = 11.4;
				MTL_ENABLE_DEBUG_INFO = YES;
				ONLY_ACTIVE_ARCH = YES;
				SDKROOT = iphoneos;
			};
			name = Debug;
		};
		520375852117F4BA0067316B /* Release */ = {
			isa = XCBuildConfiguration;
			buildSettings = {
				ALWAYS_SEARCH_USER_PATHS = NO;
				CLANG_ANALYZER_NONNULL = YES;
				CLANG_ANALYZER_NUMBER_OBJECT_CONVERSION = YES_AGGRESSIVE;
				CLANG_CXX_LANGUAGE_STANDARD = "gnu++14";
				CLANG_CXX_LIBRARY = "libc++";
				CLANG_ENABLE_MODULES = YES;
				CLANG_ENABLE_OBJC_ARC = YES;
				CLANG_ENABLE_OBJC_WEAK = YES;
				CLANG_WARN_BLOCK_CAPTURE_AUTORELEASING = YES;
				CLANG_WARN_BOOL_CONVERSION = YES;
				CLANG_WARN_COMMA = YES;
				CLANG_WARN_CONSTANT_CONVERSION = YES;
				CLANG_WARN_DEPRECATED_OBJC_IMPLEMENTATIONS = YES;
				CLANG_WARN_DIRECT_OBJC_ISA_USAGE = YES_ERROR;
				CLANG_WARN_DOCUMENTATION_COMMENTS = YES;
				CLANG_WARN_EMPTY_BODY = YES;
				CLANG_WARN_ENUM_CONVERSION = YES;
				CLANG_WARN_INFINITE_RECURSION = YES;
				CLANG_WARN_INT_CONVERSION = YES;
				CLANG_WARN_NON_LITERAL_NULL_CONVERSION = YES;
				CLANG_WARN_OBJC_IMPLICIT_RETAIN_SELF = YES;
				CLANG_WARN_OBJC_LITERAL_CONVERSION = YES;
				CLANG_WARN_OBJC_ROOT_CLASS = YES_ERROR;
				CLANG_WARN_RANGE_LOOP_ANALYSIS = YES;
				CLANG_WARN_STRICT_PROTOTYPES = YES;
				CLANG_WARN_SUSPICIOUS_MOVE = YES;
				CLANG_WARN_UNGUARDED_AVAILABILITY = YES_AGGRESSIVE;
				CLANG_WARN_UNREACHABLE_CODE = YES;
				CLANG_WARN__DUPLICATE_METHOD_MATCH = YES;
				CODE_SIGN_IDENTITY = "iPhone Developer";
				COPY_PHASE_STRIP = NO;
				DEBUG_INFORMATION_FORMAT = "dwarf-with-dsym";
				ENABLE_NS_ASSERTIONS = NO;
				ENABLE_STRICT_OBJC_MSGSEND = YES;
				GCC_C_LANGUAGE_STANDARD = gnu11;
				GCC_NO_COMMON_BLOCKS = YES;
				GCC_WARN_64_TO_32_BIT_CONVERSION = YES;
				GCC_WARN_ABOUT_RETURN_TYPE = YES_ERROR;
				GCC_WARN_UNDECLARED_SELECTOR = YES;
				GCC_WARN_UNINITIALIZED_AUTOS = YES_AGGRESSIVE;
				GCC_WARN_UNUSED_FUNCTION = YES;
				GCC_WARN_UNUSED_VARIABLE = YES;
				IPHONEOS_DEPLOYMENT_TARGET = 11.4;
				MTL_ENABLE_DEBUG_INFO = NO;
				SDKROOT = iphoneos;
				VALIDATE_PRODUCT = YES;
			};
			name = Release;
		};
		520375872117F4BA0067316B /* Debug */ = {
			isa = XCBuildConfiguration;
			baseConfigurationReference = 9E4F3EBD3AE3906A1A672987 /* Pods-QFB.debug.xcconfig */;
			buildSettings = {
				ASSETCATALOG_COMPILER_APPICON_NAME = AppIcon;
				CODE_SIGN_STYLE = Automatic;
				GCC_PRECOMPILE_PREFIX_HEADER = YES;
				GCC_PREFIX_HEADER = "$(SRCROOT)/NOSpam/Config/PrefixHeader.pch";
				INFOPLIST_FILE = QFB/Info.plist;
				LD_RUNPATH_SEARCH_PATHS = (
					"$(inherited)",
					"@executable_path/Frameworks",
				);
				PRODUCT_BUNDLE_IDENTIFIER = com.quanfu.bao.QFB;
				PRODUCT_NAME = "$(TARGET_NAME)";
				TARGETED_DEVICE_FAMILY = "1,2";
			};
			name = Debug;
		};
		520375882117F4BA0067316B /* Release */ = {
			isa = XCBuildConfiguration;
			baseConfigurationReference = D6199FE8E310523824638DF6 /* Pods-QFB.release.xcconfig */;
			buildSettings = {
				ASSETCATALOG_COMPILER_APPICON_NAME = AppIcon;
				CODE_SIGN_STYLE = Automatic;
				GCC_PRECOMPILE_PREFIX_HEADER = YES;
				GCC_PREFIX_HEADER = "$(SRCROOT)/NOSpam/Config/PrefixHeader.pch";
				INFOPLIST_FILE = QFB/Info.plist;
				LD_RUNPATH_SEARCH_PATHS = (
					"$(inherited)",
					"@executable_path/Frameworks",
				);
				PRODUCT_BUNDLE_IDENTIFIER = com.quanfu.bao.QFB;
				PRODUCT_NAME = "$(TARGET_NAME)";
				TARGETED_DEVICE_FAMILY = "1,2";
			};
			name = Release;
		};
		5203758A2117F4BA0067316B /* Debug */ = {
			isa = XCBuildConfiguration;
			baseConfigurationReference = D4FFC2CF55666F69A2D65688 /* Pods-QFBTests.debug.xcconfig */;
			buildSettings = {
				BUNDLE_LOADER = "$(TEST_HOST)";
				CODE_SIGN_STYLE = Automatic;
				INFOPLIST_FILE = QFBTests/Info.plist;
				LD_RUNPATH_SEARCH_PATHS = (
					"$(inherited)",
					"@executable_path/Frameworks",
					"@loader_path/Frameworks",
				);
				PRODUCT_BUNDLE_IDENTIFIER = com.quanfu.bao.QFBTests;
				PRODUCT_NAME = "$(TARGET_NAME)";
				TARGETED_DEVICE_FAMILY = "1,2";
				TEST_HOST = "$(BUILT_PRODUCTS_DIR)/QFB.app/QFB";
			};
			name = Debug;
		};
		5203758B2117F4BA0067316B /* Release */ = {
			isa = XCBuildConfiguration;
			baseConfigurationReference = A6DFA66281F293E486ECE2A3 /* Pods-QFBTests.release.xcconfig */;
			buildSettings = {
				BUNDLE_LOADER = "$(TEST_HOST)";
				CODE_SIGN_STYLE = Automatic;
				INFOPLIST_FILE = QFBTests/Info.plist;
				LD_RUNPATH_SEARCH_PATHS = (
					"$(inherited)",
					"@executable_path/Frameworks",
					"@loader_path/Frameworks",
				);
				PRODUCT_BUNDLE_IDENTIFIER = com.quanfu.bao.QFBTests;
				PRODUCT_NAME = "$(TARGET_NAME)";
				TARGETED_DEVICE_FAMILY = "1,2";
				TEST_HOST = "$(BUILT_PRODUCTS_DIR)/QFB.app/QFB";
			};
			name = Release;
		};
		5203758D2117F4BA0067316B /* Debug */ = {
			isa = XCBuildConfiguration;
			baseConfigurationReference = EA4AB9F8D7B730B2C06E662F /* Pods-QFBUITests.debug.xcconfig */;
			buildSettings = {
				CODE_SIGN_STYLE = Automatic;
				INFOPLIST_FILE = QFBUITests/Info.plist;
				LD_RUNPATH_SEARCH_PATHS = (
					"$(inherited)",
					"@executable_path/Frameworks",
					"@loader_path/Frameworks",
				);
				PRODUCT_BUNDLE_IDENTIFIER = com.quanfu.bao.QFBUITests;
				PRODUCT_NAME = "$(TARGET_NAME)";
				TARGETED_DEVICE_FAMILY = "1,2";
				TEST_TARGET_NAME = QFB;
			};
			name = Debug;
		};
		5203758E2117F4BA0067316B /* Release */ = {
			isa = XCBuildConfiguration;
			baseConfigurationReference = 479344092819C9D13E796B75 /* Pods-QFBUITests.release.xcconfig */;
			buildSettings = {
				CODE_SIGN_STYLE = Automatic;
				INFOPLIST_FILE = QFBUITests/Info.plist;
				LD_RUNPATH_SEARCH_PATHS = (
					"$(inherited)",
					"@executable_path/Frameworks",
					"@loader_path/Frameworks",
				);
				PRODUCT_BUNDLE_IDENTIFIER = com.quanfu.bao.QFBUITests;
				PRODUCT_NAME = "$(TARGET_NAME)";
				TARGETED_DEVICE_FAMILY = "1,2";
				TEST_TARGET_NAME = QFB;
			};
			name = Release;
		};
/* End XCBuildConfiguration section */

/* Begin XCConfigurationList section */
		520375552117F4B90067316B /* Build configuration list for PBXProject "QFB" */ = {
			isa = XCConfigurationList;
			buildConfigurations = (
				520375842117F4BA0067316B /* Debug */,
				520375852117F4BA0067316B /* Release */,
			);
			defaultConfigurationIsVisible = 0;
			defaultConfigurationName = Release;
		};
		520375862117F4BA0067316B /* Build configuration list for PBXNativeTarget "QFB" */ = {
			isa = XCConfigurationList;
			buildConfigurations = (
				520375872117F4BA0067316B /* Debug */,
				520375882117F4BA0067316B /* Release */,
			);
			defaultConfigurationIsVisible = 0;
			defaultConfigurationName = Release;
		};
		520375892117F4BA0067316B /* Build configuration list for PBXNativeTarget "QFBTests" */ = {
			isa = XCConfigurationList;
			buildConfigurations = (
				5203758A2117F4BA0067316B /* Debug */,
				5203758B2117F4BA0067316B /* Release */,
			);
			defaultConfigurationIsVisible = 0;
			defaultConfigurationName = Release;
		};
		5203758C2117F4BA0067316B /* Build configuration list for PBXNativeTarget "QFBUITests" */ = {
			isa = XCConfigurationList;
			buildConfigurations = (
				5203758D2117F4BA0067316B /* Debug */,
				5203758E2117F4BA0067316B /* Release */,
			);
			defaultConfigurationIsVisible = 0;
			defaultConfigurationName = Release;
		};
/* End XCConfigurationList section */
	};
	rootObject = 520375522117F4B90067316B /* Project object */;
}
